
Microsoft Visual Studio Solution File, Format Version 12.00
# Visual Studio 15
VisualStudioVersion = 15.0.27130.2010
MinimumVisualStudioVersion = 10.0.40219.1
Project("{FAE04EC0-301F-11D3-BF4B-00C04F79EFBC}") = "ArekMonoPlatformer", "ArekMonoPlatformer\ArekMonoPlatformer.csproj", "{9EFE3B19-33A3-4E08-94F1-7081E6D201C5}"
EndProject
Global
	GlobalSection(SolutionConfigurationPlatforms) = preSolution
		Debug|x86 = Debug|x86
		Release|x86 = Release|x86
	EndGlobalSection
	GlobalSection(ProjectConfigurationPlatforms) = postSolution
		{9EFE3B19-33A3-4E08-94F1-7081E6D201C5}.Debug|x86.ActiveCfg = Debug|x86
		{9EFE3B19-33A3-4E08-94F1-7081E6D201C5}.Debug|x86.Build.0 = Debug|x86
		{9EFE3B19-33A3-4E08-94F1-7081E6D201C5}.Release|x86.ActiveCfg = Release|x86
		{9EFE3B19-33A3-4E08-94F1-7081E6D201C5}.Release|x86.Build.0 = Release|x86
	EndGlobalSection
	GlobalSection(SolutionProperties) = preSolution
		HideSolutionNode = FALSE
	EndGlobalSection
	GlobalSection(ExtensibilityGlobals) = postSolution
		SolutionGuid = {2D2CEAFA-2BF9-4961-82D0-B18669592C2D}
	EndGlobalSection
EndGlobal
