
Microsoft Visual Studio Solution File, Format Version 12.00
# Visual Studio 15
VisualStudioVersion = 15.0.27004.2002
MinimumVisualStudioVersion = 10.0.40219.1
Project("{FAE04EC0-301F-11D3-BF4B-00C04F79EFBC}") = "ArekMasterMinds", "ArekMasterMinds\ArekMasterMinds.csproj", "{75DF207F-AD11-4AEB-B122-174A9FE8C37F}"
EndProject
Global
	GlobalSection(SolutionConfigurationPlatforms) = preSolution
		Debug|Any CPU = Debug|Any CPU
		Release|Any CPU = Release|Any CPU
	EndGlobalSection
	GlobalSection(ProjectConfigurationPlatforms) = postSolution
		{75DF207F-AD11-4AEB-B122-174A9FE8C37F}.Debug|Any CPU.ActiveCfg = Debug|Any CPU
		{75DF207F-AD11-4AEB-B122-174A9FE8C37F}.Debug|Any CPU.Build.0 = Debug|Any CPU
		{75DF207F-AD11-4AEB-B122-174A9FE8C37F}.Release|Any CPU.ActiveCfg = Release|Any CPU
		{75DF207F-AD11-4AEB-B122-174A9FE8C37F}.Release|Any CPU.Build.0 = Release|Any CPU
	EndGlobalSection
	GlobalSection(SolutionProperties) = preSolution
		HideSolutionNode = FALSE
	EndGlobalSection
	GlobalSection(ExtensibilityGlobals) = postSolution
		SolutionGuid = {9AC98C0A-6B9F-455A-A729-7D0FA855E4F6}
	EndGlobalSection
EndGlobal
