
Microsoft Visual Studio Solution File, Format Version 12.00
# Visual Studio 15
VisualStudioVersion = 15.0.27004.2008
MinimumVisualStudioVersion = 10.0.40219.1
Project("{FAE04EC0-301F-11D3-BF4B-00C04F79EFBC}") = "ArekSwapping", "ArekSwapping\ArekSwapping.csproj", "{705CCA5F-FCD6-4CCA-8669-B246F4BF9F4A}"
EndProject
Global
	GlobalSection(SolutionConfigurationPlatforms) = preSolution
		Debug|Any CPU = Debug|Any CPU
		Release|Any CPU = Release|Any CPU
	EndGlobalSection
	GlobalSection(ProjectConfigurationPlatforms) = postSolution
		{705CCA5F-FCD6-4CCA-8669-B246F4BF9F4A}.Debug|Any CPU.ActiveCfg = Debug|Any CPU
		{705CCA5F-FCD6-4CCA-8669-B246F4BF9F4A}.Debug|Any CPU.Build.0 = Debug|Any CPU
		{705CCA5F-FCD6-4CCA-8669-B246F4BF9F4A}.Release|Any CPU.ActiveCfg = Release|Any CPU
		{705CCA5F-FCD6-4CCA-8669-B246F4BF9F4A}.Release|Any CPU.Build.0 = Release|Any CPU
	EndGlobalSection
	GlobalSection(SolutionProperties) = preSolution
		HideSolutionNode = FALSE
	EndGlobalSection
	GlobalSection(ExtensibilityGlobals) = postSolution
		SolutionGuid = {BB9C60C9-C731-4163-9898-04E3C9E50B65}
	EndGlobalSection
EndGlobal
