
Microsoft Visual Studio Solution File, Format Version 12.00
# Visual Studio 15
VisualStudioVersion = 15.0.27130.2010
MinimumVisualStudioVersion = 10.0.40219.1
Project("{FAE04EC0-301F-11D3-BF4B-00C04F79EFBC}") = "ArekTextAdventureV3", "ArekTextAdventureV3\ArekTextAdventureV3.csproj", "{CD06B0F8-D40E-4BDC-BDD3-4CC429E083F5}"
EndProject
Global
	GlobalSection(SolutionConfigurationPlatforms) = preSolution
		Debug|Any CPU = Debug|Any CPU
		Release|Any CPU = Release|Any CPU
	EndGlobalSection
	GlobalSection(ProjectConfigurationPlatforms) = postSolution
		{CD06B0F8-D40E-4BDC-BDD3-4CC429E083F5}.Debug|Any CPU.ActiveCfg = Debug|Any CPU
		{CD06B0F8-D40E-4BDC-BDD3-4CC429E083F5}.Debug|Any CPU.Build.0 = Debug|Any CPU
		{CD06B0F8-D40E-4BDC-BDD3-4CC429E083F5}.Release|Any CPU.ActiveCfg = Release|Any CPU
		{CD06B0F8-D40E-4BDC-BDD3-4CC429E083F5}.Release|Any CPU.Build.0 = Release|Any CPU
	EndGlobalSection
	GlobalSection(SolutionProperties) = preSolution
		HideSolutionNode = FALSE
	EndGlobalSection
	GlobalSection(ExtensibilityGlobals) = postSolution
		SolutionGuid = {FCF258D0-F44E-4C9E-8A85-CF31D18B4587}
	EndGlobalSection
EndGlobal
