
Microsoft Visual Studio Solution File, Format Version 12.00
# Visual Studio Version 16
VisualStudioVersion = 16.0.29403.142
MinimumVisualStudioVersion = 10.0.40219.1
Project("{FAE04EC0-301F-11D3-BF4B-00C04F79EFBC}") = "RecursiveBacktrackingMazeGenerator", "RecursiveBacktrackingMazeGenerator\RecursiveBacktrackingMazeGenerator.csproj", "{39D57CF5-1908-4581-85A3-017368D0B763}"
EndProject
Global
	GlobalSection(SolutionConfigurationPlatforms) = preSolution
		Debug|Any CPU = Debug|Any CPU
		Release|Any CPU = Release|Any CPU
	EndGlobalSection
	GlobalSection(ProjectConfigurationPlatforms) = postSolution
		{39D57CF5-1908-4581-85A3-017368D0B763}.Debug|Any CPU.ActiveCfg = Debug|Any CPU
		{39D57CF5-1908-4581-85A3-017368D0B763}.Debug|Any CPU.Build.0 = Debug|Any CPU
		{39D57CF5-1908-4581-85A3-017368D0B763}.Release|Any CPU.ActiveCfg = Release|Any CPU
		{39D57CF5-1908-4581-85A3-017368D0B763}.Release|Any CPU.Build.0 = Release|Any CPU
	EndGlobalSection
	GlobalSection(SolutionProperties) = preSolution
		HideSolutionNode = FALSE
	EndGlobalSection
	GlobalSection(ExtensibilityGlobals) = postSolution
		SolutionGuid = {DB22BCF6-3DCE-4DB8-9BE8-E45BC4C5C455}
	EndGlobalSection
EndGlobal
